
Microsoft Visual Studio Solution File, Format Version 12.00
# Visual Studio Version 17
VisualStudioVersion = 17.0.31903.59
MinimumVisualStudioVersion = 10.0.40219.1
Project("{FAE04EC0-301F-11D3-BF4B-00C04F79EFBC}") = "SmoothOperator", "SmoothOperator\SmoothOperator.csproj", "{9EFBDDF4-71CE-45C2-8E3C-62D53995B4BB}"
EndProject
Project("{FAE04EC0-301F-11D3-BF4B-00C04F79EFBC}") = "VariousOperators", "VariousOperators\VariousOperators.csproj", "{24E526B5-1E67-4B97-891F-3EEEB68DA603}"
EndProject
Global
	GlobalSection(SolutionConfigurationPlatforms) = preSolution
		Debug|Any CPU = Debug|Any CPU
		Release|Any CPU = Release|Any CPU
	EndGlobalSection
	GlobalSection(SolutionProperties) = preSolution
		HideSolutionNode = FALSE
	EndGlobalSection
	GlobalSection(ProjectConfigurationPlatforms) = postSolution
		{9EFBDDF4-71CE-45C2-8E3C-62D53995B4BB}.Debug|Any CPU.ActiveCfg = Debug|Any CPU
		{9EFBDDF4-71CE-45C2-8E3C-62D53995B4BB}.Debug|Any CPU.Build.0 = Debug|Any CPU
		{9EFBDDF4-71CE-45C2-8E3C-62D53995B4BB}.Release|Any CPU.ActiveCfg = Release|Any CPU
		{9EFBDDF4-71CE-45C2-8E3C-62D53995B4BB}.Release|Any CPU.Build.0 = Release|Any CPU
		{24E526B5-1E67-4B97-891F-3EEEB68DA603}.Debug|Any CPU.ActiveCfg = Debug|Any CPU
		{24E526B5-1E67-4B97-891F-3EEEB68DA603}.Debug|Any CPU.Build.0 = Debug|Any CPU
		{24E526B5-1E67-4B97-891F-3EEEB68DA603}.Release|Any CPU.ActiveCfg = Release|Any CPU
		{24E526B5-1E67-4B97-891F-3EEEB68DA603}.Release|Any CPU.Build.0 = Release|Any CPU
	EndGlobalSection
EndGlobal
